{
  "version": 4,
  "terraform_version": "1.10.5",
  "serial": 41,
  "lineage": "e7b29408-a4fb-b379-e87a-c5ace8075975",
  "outputs": {
    "disk_size": {
      "value": 110,
      "type": "number"
    },
    "location": {
      "value": "australiaeast",
      "type": "string"
    },
    "os_version": {
      "value": "R82",
      "type": "string"
    },
    "public_ip": {
      "value": "4.197.172.229",
      "type": "string"
    },
    "resource_group": {
      "value": "checkpoint-single-gw-terraform",
      "type": "string"
    },
    "resource_group_link": {
      "value": "https://portal.azure.com/#@/resource/subscriptions/bfd72569-9b75-4584-b5fb-9db73fe697c9/resourceGroups/checkpoint-single-gw-terraform",
      "type": "string"
    },
    "subnets": {
      "value": [
        "/subscriptions/bfd72569-9b75-4584-b5fb-9db73fe697c9/resourceGroups/checkpoint-single-gw-terraform/providers/Microsoft.Network/virtualNetworks/checkpoint-single-gw-vnet/subnets/checkpoint-single-gw-terraform-frontend-subnet",
        "/subscriptions/bfd72569-9b75-4584-b5fb-9db73fe697c9/resourceGroups/checkpoint-single-gw-terraform/providers/Microsoft.Network/virtualNetworks/checkpoint-single-gw-vnet/subnets/checkpoint-single-gw-terraform-backend-subnet"
      ],
      "type": [
        "tuple",
        [
          "string",
          "string"
        ]
      ]
    },
    "vm_name": {
      "value": "checkpoint-single-gw-terraform",
      "type": "string"
    },
    "vnet": {
      "value": "checkpoint-single-gw-vnet",
      "type": "string"
    }
  },
  "resources": [
    {
      "mode": "managed",
      "type": "azurerm_network_interface",
      "name": "nic",
      "provider": "provider[\"registry.terraform.io/hashicorp/azurerm\"]",
      "instances": [
        {
          "schema_version": 0,
          "attributes": {
            "applied_dns_servers": [],
            "auxiliary_mode": "",
            "auxiliary_sku": "",
            "dns_servers": [],
            "edge_zone": "",
            "enable_accelerated_networking": true,
            "enable_ip_forwarding": true,
            "id": "/subscriptions/bfd72569-9b75-4584-b5fb-9db73fe697c9/resourceGroups/checkpoint-single-gw-terraform/providers/Microsoft.Network/networkInterfaces/checkpoint-single-gw-terraform-eth0",
            "internal_dns_name_label": "",
            "internal_domain_name_suffix": "2y1dqztnth1erpi0l5zsv2et3d.px.internal.cloudapp.net",
            "ip_configuration": [
              {
                "gateway_load_balancer_frontend_ip_configuration_id": "",
                "name": "ipconfig1",
                "primary": true,
                "private_ip_address": "10.0.1.4",
                "private_ip_address_allocation": "Static",
                "private_ip_address_version": "IPv4",
                "public_ip_address_id": "/subscriptions/bfd72569-9b75-4584-b5fb-9db73fe697c9/resourceGroups/checkpoint-single-gw-terraform/providers/Microsoft.Network/publicIPAddresses/checkpoint-single-gw-terraform",
                "subnet_id": "/subscriptions/bfd72569-9b75-4584-b5fb-9db73fe697c9/resourceGroups/checkpoint-single-gw-terraform/providers/Microsoft.Network/virtualNetworks/checkpoint-single-gw-vnet/subnets/checkpoint-single-gw-terraform-frontend-subnet"
              }
            ],
            "location": "australiaeast",
            "mac_address": "00-0D-3A-D0-28-CC",
            "name": "checkpoint-single-gw-terraform-eth0",
            "private_ip_address": "10.0.1.4",
            "private_ip_addresses": [
              "10.0.1.4"
            ],
            "resource_group_name": "checkpoint-single-gw-terraform",
            "tags": {},
            "timeouts": null,
            "virtual_machine_id": "/subscriptions/bfd72569-9b75-4584-b5fb-9db73fe697c9/resourceGroups/checkpoint-single-gw-terraform/providers/Microsoft.Compute/virtualMachines/checkpoint-single-gw-terraform"
          },
          "sensitive_attributes": [],
          "private": "eyJlMmJmYjczMC1lY2FhLTExZTYtOGY4OC0zNDM2M2JjN2M0YzAiOnsiY3JlYXRlIjoxODAwMDAwMDAwMDAwLCJkZWxldGUiOjE4MDAwMDAwMDAwMDAsInJlYWQiOjMwMDAwMDAwMDAwMCwidXBkYXRlIjoxODAwMDAwMDAwMDAwfX0=",
          "dependencies": [
            "azurerm_public_ip.public-ip",
            "module.common.azurerm_resource_group.resource_group",
            "module.vnet.azurerm_subnet.subnet",
            "module.vnet.azurerm_virtual_network.vnet",
            "random_id.randomId"
          ]
        }
      ]
    },
    {
      "mode": "managed",
      "type": "azurerm_network_interface",
      "name": "nic1",
      "provider": "provider[\"registry.terraform.io/hashicorp/azurerm\"]",
      "instances": [
        {
          "schema_version": 0,
          "attributes": {
            "applied_dns_servers": [],
            "auxiliary_mode": "",
            "auxiliary_sku": "",
            "dns_servers": [],
            "edge_zone": "",
            "enable_accelerated_networking": true,
            "enable_ip_forwarding": true,
            "id": "/subscriptions/bfd72569-9b75-4584-b5fb-9db73fe697c9/resourceGroups/checkpoint-single-gw-terraform/providers/Microsoft.Network/networkInterfaces/checkpoint-single-gw-terraform-eth1",
            "internal_dns_name_label": "",
            "internal_domain_name_suffix": "2y1dqztnth1erpi0l5zsv2et3d.px.internal.cloudapp.net",
            "ip_configuration": [
              {
                "gateway_load_balancer_frontend_ip_configuration_id": "",
                "name": "ipconfig2",
                "primary": true,
                "private_ip_address": "10.0.2.4",
                "private_ip_address_allocation": "Static",
                "private_ip_address_version": "IPv4",
                "public_ip_address_id": "",
                "subnet_id": "/subscriptions/bfd72569-9b75-4584-b5fb-9db73fe697c9/resourceGroups/checkpoint-single-gw-terraform/providers/Microsoft.Network/virtualNetworks/checkpoint-single-gw-vnet/subnets/checkpoint-single-gw-terraform-backend-subnet"
              }
            ],
            "location": "australiaeast",
            "mac_address": "00-0D-3A-D0-21-88",
            "name": "checkpoint-single-gw-terraform-eth1",
            "private_ip_address": "10.0.2.4",
            "private_ip_addresses": [
              "10.0.2.4"
            ],
            "resource_group_name": "checkpoint-single-gw-terraform",
            "tags": {},
            "timeouts": null,
            "virtual_machine_id": "/subscriptions/bfd72569-9b75-4584-b5fb-9db73fe697c9/resourceGroups/checkpoint-single-gw-terraform/providers/Microsoft.Compute/virtualMachines/checkpoint-single-gw-terraform"
          },
          "sensitive_attributes": [],
          "private": "eyJlMmJmYjczMC1lY2FhLTExZTYtOGY4OC0zNDM2M2JjN2M0YzAiOnsiY3JlYXRlIjoxODAwMDAwMDAwMDAwLCJkZWxldGUiOjE4MDAwMDAwMDAwMDAsInJlYWQiOjMwMDAwMDAwMDAwMCwidXBkYXRlIjoxODAwMDAwMDAwMDAwfX0=",
          "dependencies": [
            "module.common.azurerm_resource_group.resource_group",
            "module.vnet.azurerm_subnet.subnet",
            "module.vnet.azurerm_virtual_network.vnet"
          ]
        }
      ]
    },
    {
      "mode": "managed",
      "type": "azurerm_network_interface_security_group_association",
      "name": "security_group_association",
      "provider": "provider[\"registry.terraform.io/hashicorp/azurerm\"]",
      "instances": [
        {
          "schema_version": 0,
          "attributes": {
            "id": "/subscriptions/bfd72569-9b75-4584-b5fb-9db73fe697c9/resourceGroups/checkpoint-single-gw-terraform/providers/Microsoft.Network/networkInterfaces/checkpoint-single-gw-terraform-eth0|/subscriptions/bfd72569-9b75-4584-b5fb-9db73fe697c9/resourceGroups/checkpoint-single-gw-terraform/providers/Microsoft.Network/networkSecurityGroups/checkpoint-single-gw-terraform-nsg",
            "network_interface_id": "/subscriptions/bfd72569-9b75-4584-b5fb-9db73fe697c9/resourceGroups/checkpoint-single-gw-terraform/providers/Microsoft.Network/networkInterfaces/checkpoint-single-gw-terraform-eth0",
            "network_security_group_id": "/subscriptions/bfd72569-9b75-4584-b5fb-9db73fe697c9/resourceGroups/checkpoint-single-gw-terraform/providers/Microsoft.Network/networkSecurityGroups/checkpoint-single-gw-terraform-nsg",
            "timeouts": null
          },
          "sensitive_attributes": [],
          "private": "eyJlMmJmYjczMC1lY2FhLTExZTYtOGY4OC0zNDM2M2JjN2M0YzAiOnsiY3JlYXRlIjoxODAwMDAwMDAwMDAwLCJkZWxldGUiOjE4MDAwMDAwMDAwMDAsInJlYWQiOjMwMDAwMDAwMDAwMH19",
          "dependencies": [
            "azurerm_network_interface.nic",
            "azurerm_public_ip.public-ip",
            "module.common.azurerm_resource_group.resource_group",
            "module.network-security-group.azurerm_network_security_group.nsg",
            "module.network-security-group.azurerm_network_security_rule.security_rule",
            "module.vnet.azurerm_subnet.subnet",
            "module.vnet.azurerm_virtual_network.vnet",
            "random_id.randomId"
          ]
        }
      ]
    },
    {
      "mode": "managed",
      "type": "azurerm_public_ip",
      "name": "public-ip",
      "provider": "provider[\"registry.terraform.io/hashicorp/azurerm\"]",
      "instances": [
        {
          "schema_version": 0,
          "attributes": {
            "allocation_method": "Static",
            "ddos_protection_mode": "VirtualNetworkInherited",
            "ddos_protection_plan_id": null,
            "domain_name_label": "checkpoint-single-gw-terraform-9a9d3fea710c5a8a",
            "edge_zone": "",
            "fqdn": "checkpoint-single-gw-terraform-9a9d3fea710c5a8a.australiaeast.cloudapp.azure.com",
            "id": "/subscriptions/bfd72569-9b75-4584-b5fb-9db73fe697c9/resourceGroups/checkpoint-single-gw-terraform/providers/Microsoft.Network/publicIPAddresses/checkpoint-single-gw-terraform",
            "idle_timeout_in_minutes": 30,
            "ip_address": "4.197.172.229",
            "ip_tags": {},
            "ip_version": "IPv4",
            "location": "australiaeast",
            "name": "checkpoint-single-gw-terraform",
            "public_ip_prefix_id": null,
            "resource_group_name": "checkpoint-single-gw-terraform",
            "reverse_fqdn": "",
            "sku": "Standard",
            "sku_tier": "Regional",
            "tags": {},
            "timeouts": null,
            "zones": []
          },
          "sensitive_attributes": [],
          "private": "eyJlMmJmYjczMC1lY2FhLTExZTYtOGY4OC0zNDM2M2JjN2M0YzAiOnsiY3JlYXRlIjoxODAwMDAwMDAwMDAwLCJkZWxldGUiOjE4MDAwMDAwMDAwMDAsInJlYWQiOjMwMDAwMDAwMDAwMCwidXBkYXRlIjoxODAwMDAwMDAwMDAwfX0=",
          "dependencies": [
            "module.common.azurerm_resource_group.resource_group",
            "random_id.randomId"
          ]
        }
      ]
    },
    {
      "mode": "managed",
      "type": "azurerm_storage_account",
      "name": "vm-boot-diagnostics-storage",
      "provider": "provider[\"registry.terraform.io/hashicorp/azurerm\"]",
      "instances": [
        {
          "schema_version": 4,
          "attributes": {
            "access_tier": "",
            "account_kind": "Storage",
            "account_replication_type": "LRS",
            "account_tier": "Standard",
            "allow_nested_items_to_be_public": true,
            "allowed_copy_scope": "",
            "azure_files_authentication": [],
            "blob_properties": [
              {
                "change_feed_enabled": false,
                "change_feed_retention_in_days": 0,
                "container_delete_retention_policy": [],
                "cors_rule": [],
                "default_service_version": "",
                "delete_retention_policy": [
                  {
                    "days": 15
                  }
                ],
                "last_access_time_enabled": false,
                "restore_policy": [],
                "versioning_enabled": false
              }
            ],
            "cross_tenant_replication_enabled": true,
            "custom_domain": [],
            "customer_managed_key": [],
            "default_to_oauth_authentication": false,
            "edge_zone": "",
            "enable_https_traffic_only": true,
            "id": "/subscriptions/bfd72569-9b75-4584-b5fb-9db73fe697c9/resourceGroups/checkpoint-single-gw-terraform/providers/Microsoft.Storage/storageAccounts/bootdiag9a9d3fea710c5a8a",
            "identity": [],
            "immutability_policy": [],
            "infrastructure_encryption_enabled": false,
            "is_hns_enabled": false,
            "large_file_share_enabled": null,
            "location": "australiaeast",
            "min_tls_version": "TLS1_2",
            "name": "bootdiag9a9d3fea710c5a8a",
            "network_rules": [
              {
                "bypass": [
                  "AzureServices"
                ],
                "default_action": "Allow",
                "ip_rules": [
                  "20.53.53.224",
                  "20.70.222.112"
                ],
                "private_link_access": [],
                "virtual_network_subnet_ids": []
              }
            ],
            "nfsv3_enabled": false,
            "primary_access_key": "hoop6HB31Y3NySlh69NB0WY5Ay3uh7a3hqU0SZXMUYx21MqdFldFJMZn9dzoEAEkxs9LwARZe5b8+AStk6rfdQ==",
            "primary_blob_connection_string": "DefaultEndpointsProtocol=https;BlobEndpoint=https://bootdiag9a9d3fea710c5a8a.blob.core.windows.net/;AccountName=bootdiag9a9d3fea710c5a8a;AccountKey=hoop6HB31Y3NySlh69NB0WY5Ay3uh7a3hqU0SZXMUYx21MqdFldFJMZn9dzoEAEkxs9LwARZe5b8+AStk6rfdQ==",
            "primary_blob_endpoint": "https://bootdiag9a9d3fea710c5a8a.blob.core.windows.net/",
            "primary_blob_host": "bootdiag9a9d3fea710c5a8a.blob.core.windows.net",
            "primary_blob_internet_endpoint": null,
            "primary_blob_internet_host": null,
            "primary_blob_microsoft_endpoint": null,
            "primary_blob_microsoft_host": null,
            "primary_connection_string": "DefaultEndpointsProtocol=https;AccountName=bootdiag9a9d3fea710c5a8a;AccountKey=hoop6HB31Y3NySlh69NB0WY5Ay3uh7a3hqU0SZXMUYx21MqdFldFJMZn9dzoEAEkxs9LwARZe5b8+AStk6rfdQ==;EndpointSuffix=core.windows.net",
            "primary_dfs_endpoint": "",
            "primary_dfs_host": "",
            "primary_dfs_internet_endpoint": null,
            "primary_dfs_internet_host": null,
            "primary_dfs_microsoft_endpoint": null,
            "primary_dfs_microsoft_host": null,
            "primary_file_endpoint": "https://bootdiag9a9d3fea710c5a8a.file.core.windows.net/",
            "primary_file_host": "bootdiag9a9d3fea710c5a8a.file.core.windows.net",
            "primary_file_internet_endpoint": null,
            "primary_file_internet_host": null,
            "primary_file_microsoft_endpoint": null,
            "primary_file_microsoft_host": null,
            "primary_location": "australiaeast",
            "primary_queue_endpoint": "https://bootdiag9a9d3fea710c5a8a.queue.core.windows.net/",
            "primary_queue_host": "bootdiag9a9d3fea710c5a8a.queue.core.windows.net",
            "primary_queue_microsoft_endpoint": null,
            "primary_queue_microsoft_host": null,
            "primary_table_endpoint": "https://bootdiag9a9d3fea710c5a8a.table.core.windows.net/",
            "primary_table_host": "bootdiag9a9d3fea710c5a8a.table.core.windows.net",
            "primary_table_microsoft_endpoint": null,
            "primary_table_microsoft_host": null,
            "primary_web_endpoint": "",
            "primary_web_host": "",
            "primary_web_internet_endpoint": null,
            "primary_web_internet_host": null,
            "primary_web_microsoft_endpoint": null,
            "primary_web_microsoft_host": null,
            "public_network_access_enabled": true,
            "queue_encryption_key_type": "Service",
            "queue_properties": [],
            "resource_group_name": "checkpoint-single-gw-terraform",
            "routing": [],
            "sas_policy": [],
            "secondary_access_key": "vSy1u7vAiHF2Z7iMyZ51BxjAhC5bpTNvJQRKRTJU+sE025Nqoe6uB08DnPI9t6VtT25Opo2zt5Gj+AStdaSEaw==",
            "secondary_blob_connection_string": "",
            "secondary_blob_endpoint": null,
            "secondary_blob_host": null,
            "secondary_blob_internet_endpoint": null,
            "secondary_blob_internet_host": null,
            "secondary_blob_microsoft_endpoint": null,
            "secondary_blob_microsoft_host": null,
            "secondary_connection_string": "DefaultEndpointsProtocol=https;AccountName=bootdiag9a9d3fea710c5a8a;AccountKey=vSy1u7vAiHF2Z7iMyZ51BxjAhC5bpTNvJQRKRTJU+sE025Nqoe6uB08DnPI9t6VtT25Opo2zt5Gj+AStdaSEaw==;EndpointSuffix=core.windows.net",
            "secondary_dfs_endpoint": null,
            "secondary_dfs_host": null,
            "secondary_dfs_internet_endpoint": null,
            "secondary_dfs_internet_host": null,
            "secondary_dfs_microsoft_endpoint": null,
            "secondary_dfs_microsoft_host": null,
            "secondary_file_endpoint": null,
            "secondary_file_host": null,
            "secondary_file_internet_endpoint": null,
            "secondary_file_internet_host": null,
            "secondary_file_microsoft_endpoint": null,
            "secondary_file_microsoft_host": null,
            "secondary_location": "",
            "secondary_queue_endpoint": null,
            "secondary_queue_host": null,
            "secondary_queue_microsoft_endpoint": null,
            "secondary_queue_microsoft_host": null,
            "secondary_table_endpoint": null,
            "secondary_table_host": null,
            "secondary_table_microsoft_endpoint": null,
            "secondary_table_microsoft_host": null,
            "secondary_web_endpoint": null,
            "secondary_web_host": null,
            "secondary_web_internet_endpoint": null,
            "secondary_web_internet_host": null,
            "secondary_web_microsoft_endpoint": null,
            "secondary_web_microsoft_host": null,
            "sftp_enabled": false,
            "share_properties": [],
            "shared_access_key_enabled": true,
            "static_website": [],
            "table_encryption_key_type": "Service",
            "tags": {},
            "timeouts": null
          },
          "sensitive_attributes": [
            [
              {
                "type": "get_attr",
                "value": "secondary_access_key"
              }
            ],
            [
              {
                "type": "get_attr",
                "value": "secondary_connection_string"
              }
            ],
            [
              {
                "type": "get_attr",
                "value": "primary_blob_connection_string"
              }
            ],
            [
              {
                "type": "get_attr",
                "value": "secondary_blob_connection_string"
              }
            ],
            [
              {
                "type": "get_attr",
                "value": "primary_access_key"
              }
            ],
            [
              {
                "type": "get_attr",
                "value": "primary_connection_string"
              }
            ]
          ],
          "private": "eyJlMmJmYjczMC1lY2FhLTExZTYtOGY4OC0zNDM2M2JjN2M0YzAiOnsiY3JlYXRlIjozNjAwMDAwMDAwMDAwLCJkZWxldGUiOjM2MDAwMDAwMDAwMDAsInJlYWQiOjMwMDAwMDAwMDAwMCwidXBkYXRlIjozNjAwMDAwMDAwMDAwfSwic2NoZW1hX3ZlcnNpb24iOiI0In0=",
          "dependencies": [
            "module.common.azurerm_resource_group.resource_group",
            "random_id.randomId"
          ]
        }
      ]
    },
    {
      "mode": "managed",
      "type": "azurerm_virtual_machine",
      "name": "single-gateway-vm-instance",
      "provider": "provider[\"registry.terraform.io/hashicorp/azurerm\"]",
      "instances": [
        {
          "schema_version": 0,
          "attributes": {
            "additional_capabilities": [],
            "availability_set_id": null,
            "boot_diagnostics": [
              {
                "enabled": true,
                "storage_uri": "https://bootdiag9a9d3fea710c5a8a.blob.core.windows.net/"
              }
            ],
            "delete_data_disks_on_termination": false,
            "delete_os_disk_on_termination": true,
            "id": "/subscriptions/bfd72569-9b75-4584-b5fb-9db73fe697c9/resourceGroups/checkpoint-single-gw-terraform/providers/Microsoft.Compute/virtualMachines/checkpoint-single-gw-terraform",
            "identity": [
              {
                "identity_ids": null,
                "principal_id": "5030030e-0efc-4713-bb51-7c329c7efdf4",
                "type": "SystemAssigned"
              }
            ],
            "license_type": null,
            "location": "australiaeast",
            "name": "checkpoint-single-gw-terraform",
            "network_interface_ids": [
              "/subscriptions/bfd72569-9b75-4584-b5fb-9db73fe697c9/resourceGroups/checkpoint-single-gw-terraform/providers/Microsoft.Network/networkInterfaces/checkpoint-single-gw-terraform-eth0",
              "/subscriptions/bfd72569-9b75-4584-b5fb-9db73fe697c9/resourceGroups/checkpoint-single-gw-terraform/providers/Microsoft.Network/networkInterfaces/checkpoint-single-gw-terraform-eth1"
            ],
            "os_profile": [
              {
                "admin_password": "R35p1r0!@#$%",
                "admin_username": "notused",
                "computer_name": "checkpoint-single-gw-terraform",
                "custom_data": "191d2dfe4fc1e7776ce401ba62ae47ca62de9b3e"
              }
            ],
            "os_profile_linux_config": [
              {
                "disable_password_authentication": false,
                "ssh_keys": []
              }
            ],
            "os_profile_secrets": [],
            "os_profile_windows_config": [],
            "plan": [
              {
                "name": "sg-byol",
                "product": "check-point-cg-r82",
                "publisher": "checkpoint"
              }
            ],
            "primary_network_interface_id": "/subscriptions/bfd72569-9b75-4584-b5fb-9db73fe697c9/resourceGroups/checkpoint-single-gw-terraform/providers/Microsoft.Network/networkInterfaces/checkpoint-single-gw-terraform-eth0",
            "proximity_placement_group_id": null,
            "resource_group_name": "checkpoint-single-gw-terraform",
            "storage_data_disk": [],
            "storage_image_reference": [
              {
                "id": "",
                "offer": "check-point-cg-r82",
                "publisher": "checkpoint",
                "sku": "sg-byol",
                "version": "latest"
              }
            ],
            "storage_os_disk": [
              {
                "caching": "ReadWrite",
                "create_option": "FromImage",
                "disk_size_gb": 110,
                "image_uri": "",
                "managed_disk_id": "/subscriptions/bfd72569-9b75-4584-b5fb-9db73fe697c9/resourceGroups/checkpoint-single-gw-terraform/providers/Microsoft.Compute/disks/checkpoint-single-gw-terraform",
                "managed_disk_type": "Standard_LRS",
                "name": "checkpoint-single-gw-terraform",
                "os_type": "Linux",
                "vhd_uri": "",
                "write_accelerator_enabled": false
              }
            ],
            "tags": null,
            "timeouts": null,
            "vm_size": "Standard_DS2_v2",
            "zones": null
          },
          "sensitive_attributes": [
            [
              {
                "type": "get_attr",
                "value": "os_profile"
              }
            ]
          ],
          "private": "eyJlMmJmYjczMC1lY2FhLTExZTYtOGY4OC0zNDM2M2JjN2M0YzAiOnsiY3JlYXRlIjozNjAwMDAwMDAwMDAwLCJkZWxldGUiOjM2MDAwMDAwMDAwMDAsInJlYWQiOjMwMDAwMDAwMDAwMCwidXBkYXRlIjozNjAwMDAwMDAwMDAwfX0=",
          "dependencies": [
            "azurerm_image.custom-image",
            "azurerm_network_interface.nic",
            "azurerm_network_interface.nic1",
            "azurerm_public_ip.public-ip",
            "azurerm_storage_account.vm-boot-diagnostics-storage",
            "module.common.azurerm_resource_group.resource_group",
            "module.vnet.azurerm_subnet.subnet",
            "module.vnet.azurerm_virtual_network.vnet",
            "random_id.randomId"
          ]
        }
      ]
    },
    {
      "mode": "managed",
      "type": "random_id",
      "name": "randomId",
      "provider": "provider[\"registry.terraform.io/hashicorp/random\"]",
      "instances": [
        {
          "schema_version": 0,
          "attributes": {
            "b64_std": "mp0/6nEMWoo=",
            "b64_url": "mp0_6nEMWoo",
            "byte_length": 8,
            "dec": "11141131329336007306",
            "hex": "9a9d3fea710c5a8a",
            "id": "mp0_6nEMWoo",
            "keepers": {
              "resource_group": "checkpoint-single-gw-terraform"
            },
            "prefix": null
          },
          "sensitive_attributes": [],
          "dependencies": [
            "module.common.azurerm_resource_group.resource_group"
          ]
        }
      ]
    },
    {
      "module": "module.common",
      "mode": "managed",
      "type": "azurerm_resource_group",
      "name": "resource_group",
      "provider": "provider[\"registry.terraform.io/hashicorp/azurerm\"]",
      "instances": [
        {
          "schema_version": 0,
          "attributes": {
            "id": "/subscriptions/bfd72569-9b75-4584-b5fb-9db73fe697c9/resourceGroups/checkpoint-single-gw-terraform",
            "location": "australiaeast",
            "managed_by": "",
            "name": "checkpoint-single-gw-terraform",
            "tags": {},
            "timeouts": null
          },
          "sensitive_attributes": [],
          "private": "eyJlMmJmYjczMC1lY2FhLTExZTYtOGY4OC0zNDM2M2JjN2M0YzAiOnsiY3JlYXRlIjo1NDAwMDAwMDAwMDAwLCJkZWxldGUiOjU0MDAwMDAwMDAwMDAsInJlYWQiOjMwMDAwMDAwMDAwMCwidXBkYXRlIjo1NDAwMDAwMDAwMDAwfX0="
        }
      ]
    },
    {
      "module": "module.network-security-group[0]",
      "mode": "managed",
      "type": "azurerm_network_security_group",
      "name": "nsg",
      "provider": "provider[\"registry.terraform.io/hashicorp/azurerm\"]",
      "instances": [
        {
          "schema_version": 0,
          "attributes": {
            "id": "/subscriptions/bfd72569-9b75-4584-b5fb-9db73fe697c9/resourceGroups/checkpoint-single-gw-terraform/providers/Microsoft.Network/networkSecurityGroups/checkpoint-single-gw-terraform-nsg",
            "location": "australiaeast",
            "name": "checkpoint-single-gw-terraform-nsg",
            "resource_group_name": "checkpoint-single-gw-terraform",
            "security_rule": [
              {
                "access": "Allow",
                "description": "",
                "destination_address_prefix": "*",
                "destination_address_prefixes": [],
                "destination_application_security_group_ids": [],
                "destination_port_range": "*",
                "destination_port_ranges": [],
                "direction": "Outbound",
                "name": "AllowAnyCustom22Outbound",
                "priority": 110,
                "protocol": "*",
                "source_address_prefix": "*",
                "source_address_prefixes": [],
                "source_application_security_group_ids": [],
                "source_port_range": "*",
                "source_port_ranges": []
              },
              {
                "access": "Allow",
                "description": "Allow all inbound connections",
                "destination_address_prefix": "*",
                "destination_address_prefixes": [],
                "destination_application_security_group_ids": [],
                "destination_port_range": "*",
                "destination_port_ranges": [],
                "direction": "Inbound",
                "name": "AllowAllInBound",
                "priority": 100,
                "protocol": "*",
                "source_address_prefix": "*",
                "source_address_prefixes": [],
                "source_application_security_group_ids": [],
                "source_port_range": "*",
                "source_port_ranges": []
              }
            ],
            "tags": {},
            "timeouts": null
          },
          "sensitive_attributes": [],
          "private": "eyJlMmJmYjczMC1lY2FhLTExZTYtOGY4OC0zNDM2M2JjN2M0YzAiOnsiY3JlYXRlIjoxODAwMDAwMDAwMDAwLCJkZWxldGUiOjE4MDAwMDAwMDAwMDAsInJlYWQiOjMwMDAwMDAwMDAwMCwidXBkYXRlIjoxODAwMDAwMDAwMDAwfX0=",
          "dependencies": [
            "module.common.azurerm_resource_group.resource_group"
          ]
        }
      ]
    },
    {
      "module": "module.network-security-group[0]",
      "mode": "managed",
      "type": "azurerm_network_security_rule",
      "name": "security_rule",
      "provider": "provider[\"registry.terraform.io/hashicorp/azurerm\"]",
      "instances": [
        {
          "index_key": 0,
          "schema_version": 0,
          "attributes": {
            "access": "Allow",
            "description": "Allow all inbound connections",
            "destination_address_prefix": "*",
            "destination_address_prefixes": [],
            "destination_application_security_group_ids": [],
            "destination_port_range": "*",
            "destination_port_ranges": [],
            "direction": "Inbound",
            "id": "/subscriptions/bfd72569-9b75-4584-b5fb-9db73fe697c9/resourceGroups/checkpoint-single-gw-terraform/providers/Microsoft.Network/networkSecurityGroups/checkpoint-single-gw-terraform-nsg/securityRules/AllowAllInBound",
            "name": "AllowAllInBound",
            "network_security_group_name": "checkpoint-single-gw-terraform-nsg",
            "priority": 100,
            "protocol": "*",
            "resource_group_name": "checkpoint-single-gw-terraform",
            "source_address_prefix": "*",
            "source_address_prefixes": [],
            "source_application_security_group_ids": [],
            "source_port_range": "*",
            "source_port_ranges": [],
            "timeouts": null
          },
          "sensitive_attributes": [],
          "private": "eyJlMmJmYjczMC1lY2FhLTExZTYtOGY4OC0zNDM2M2JjN2M0YzAiOnsiY3JlYXRlIjoxODAwMDAwMDAwMDAwLCJkZWxldGUiOjE4MDAwMDAwMDAwMDAsInJlYWQiOjMwMDAwMDAwMDAwMCwidXBkYXRlIjoxODAwMDAwMDAwMDAwfX0=",
          "dependencies": [
            "module.common.azurerm_resource_group.resource_group",
            "module.network-security-group.azurerm_network_security_group.nsg"
          ]
        }
      ]
    },
    {
      "module": "module.vnet",
      "mode": "managed",
      "type": "azurerm_route_table",
      "name": "backend",
      "provider": "provider[\"registry.terraform.io/hashicorp/azurerm\"]",
      "instances": [
        {
          "index_key": 0,
          "schema_version": 0,
          "attributes": {
            "disable_bgp_route_propagation": false,
            "id": "/subscriptions/bfd72569-9b75-4584-b5fb-9db73fe697c9/resourceGroups/checkpoint-single-gw-terraform/providers/Microsoft.Network/routeTables/checkpoint-single-gw-terraform-backend-subnet",
            "location": "australiaeast",
            "name": "checkpoint-single-gw-terraform-backend-subnet",
            "resource_group_name": "checkpoint-single-gw-terraform",
            "route": [
              {
                "address_prefix": "0.0.0.0/0",
                "name": "To-Internet",
                "next_hop_in_ip_address": "10.0.2.4",
                "next_hop_type": "VirtualAppliance"
              }
            ],
            "subnets": [
              "/subscriptions/bfd72569-9b75-4584-b5fb-9db73fe697c9/resourceGroups/checkpoint-single-gw-terraform/providers/Microsoft.Network/virtualNetworks/checkpoint-single-gw-vnet/subnets/checkpoint-single-gw-terraform-backend-subnet"
            ],
            "tags": {},
            "timeouts": null
          },
          "sensitive_attributes": [],
          "private": "eyJlMmJmYjczMC1lY2FhLTExZTYtOGY4OC0zNDM2M2JjN2M0YzAiOnsiY3JlYXRlIjoxODAwMDAwMDAwMDAwLCJkZWxldGUiOjE4MDAwMDAwMDAwMDAsInJlYWQiOjMwMDAwMDAwMDAwMCwidXBkYXRlIjoxODAwMDAwMDAwMDAwfX0=",
          "dependencies": [
            "module.common.azurerm_resource_group.resource_group",
            "module.vnet.azurerm_subnet.subnet",
            "module.vnet.azurerm_virtual_network.vnet"
          ]
        }
      ]
    },
    {
      "module": "module.vnet",
      "mode": "managed",
      "type": "azurerm_route_table",
      "name": "frontend",
      "provider": "provider[\"registry.terraform.io/hashicorp/azurerm\"]",
      "instances": [
        {
          "schema_version": 0,
          "attributes": {
            "disable_bgp_route_propagation": false,
            "id": "/subscriptions/bfd72569-9b75-4584-b5fb-9db73fe697c9/resourceGroups/checkpoint-single-gw-terraform/providers/Microsoft.Network/routeTables/checkpoint-single-gw-terraform-frontend-subnet",
            "location": "australiaeast",
            "name": "checkpoint-single-gw-terraform-frontend-subnet",
            "resource_group_name": "checkpoint-single-gw-terraform",
            "route": [
              {
                "address_prefix": "10.0.0.0/16",
                "name": "To-Internal",
                "next_hop_in_ip_address": "10.0.1.4",
                "next_hop_type": "VirtualAppliance"
              },
              {
                "address_prefix": "10.0.1.0/24",
                "name": "Local-Subnet",
                "next_hop_in_ip_address": "",
                "next_hop_type": "VnetLocal"
              }
            ],
            "subnets": [
              "/subscriptions/bfd72569-9b75-4584-b5fb-9db73fe697c9/resourceGroups/checkpoint-single-gw-terraform/providers/Microsoft.Network/virtualNetworks/checkpoint-single-gw-vnet/subnets/checkpoint-single-gw-terraform-frontend-subnet"
            ],
            "tags": {},
            "timeouts": null
          },
          "sensitive_attributes": [],
          "private": "eyJlMmJmYjczMC1lY2FhLTExZTYtOGY4OC0zNDM2M2JjN2M0YzAiOnsiY3JlYXRlIjoxODAwMDAwMDAwMDAwLCJkZWxldGUiOjE4MDAwMDAwMDAwMDAsInJlYWQiOjMwMDAwMDAwMDAwMCwidXBkYXRlIjoxODAwMDAwMDAwMDAwfX0=",
          "dependencies": [
            "module.common.azurerm_resource_group.resource_group",
            "module.vnet.azurerm_subnet.subnet",
            "module.vnet.azurerm_virtual_network.vnet"
          ]
        }
      ]
    },
    {
      "module": "module.vnet",
      "mode": "managed",
      "type": "azurerm_subnet",
      "name": "subnet",
      "provider": "provider[\"registry.terraform.io/hashicorp/azurerm\"]",
      "instances": [
        {
          "index_key": 0,
          "schema_version": 0,
          "attributes": {
            "address_prefixes": [
              "10.0.1.0/24"
            ],
            "delegation": [],
            "enforce_private_link_endpoint_network_policies": false,
            "enforce_private_link_service_network_policies": false,
            "id": "/subscriptions/bfd72569-9b75-4584-b5fb-9db73fe697c9/resourceGroups/checkpoint-single-gw-terraform/providers/Microsoft.Network/virtualNetworks/checkpoint-single-gw-vnet/subnets/checkpoint-single-gw-terraform-frontend-subnet",
            "name": "checkpoint-single-gw-terraform-frontend-subnet",
            "private_endpoint_network_policies_enabled": true,
            "private_link_service_network_policies_enabled": true,
            "resource_group_name": "checkpoint-single-gw-terraform",
            "service_endpoint_policy_ids": [],
            "service_endpoints": [],
            "timeouts": null,
            "virtual_network_name": "checkpoint-single-gw-vnet"
          },
          "sensitive_attributes": [],
          "private": "eyJlMmJmYjczMC1lY2FhLTExZTYtOGY4OC0zNDM2M2JjN2M0YzAiOnsiY3JlYXRlIjoxODAwMDAwMDAwMDAwLCJkZWxldGUiOjE4MDAwMDAwMDAwMDAsInJlYWQiOjMwMDAwMDAwMDAwMCwidXBkYXRlIjoxODAwMDAwMDAwMDAwfX0=",
          "dependencies": [
            "module.common.azurerm_resource_group.resource_group",
            "module.vnet.azurerm_virtual_network.vnet"
          ]
        },
        {
          "index_key": 1,
          "schema_version": 0,
          "attributes": {
            "address_prefixes": [
              "10.0.2.0/24"
            ],
            "delegation": [],
            "enforce_private_link_endpoint_network_policies": false,
            "enforce_private_link_service_network_policies": false,
            "id": "/subscriptions/bfd72569-9b75-4584-b5fb-9db73fe697c9/resourceGroups/checkpoint-single-gw-terraform/providers/Microsoft.Network/virtualNetworks/checkpoint-single-gw-vnet/subnets/checkpoint-single-gw-terraform-backend-subnet",
            "name": "checkpoint-single-gw-terraform-backend-subnet",
            "private_endpoint_network_policies_enabled": true,
            "private_link_service_network_policies_enabled": true,
            "resource_group_name": "checkpoint-single-gw-terraform",
            "service_endpoint_policy_ids": [],
            "service_endpoints": [],
            "timeouts": null,
            "virtual_network_name": "checkpoint-single-gw-vnet"
          },
          "sensitive_attributes": [],
          "private": "eyJlMmJmYjczMC1lY2FhLTExZTYtOGY4OC0zNDM2M2JjN2M0YzAiOnsiY3JlYXRlIjoxODAwMDAwMDAwMDAwLCJkZWxldGUiOjE4MDAwMDAwMDAwMDAsInJlYWQiOjMwMDAwMDAwMDAwMCwidXBkYXRlIjoxODAwMDAwMDAwMDAwfX0=",
          "dependencies": [
            "module.common.azurerm_resource_group.resource_group",
            "module.vnet.azurerm_virtual_network.vnet"
          ]
        }
      ]
    },
    {
      "module": "module.vnet",
      "mode": "managed",
      "type": "azurerm_subnet_network_security_group_association",
      "name": "security_group_backend_association",
      "provider": "provider[\"registry.terraform.io/hashicorp/azurerm\"]",
      "instances": [
        {
          "index_key": 0,
          "schema_version": 0,
          "attributes": {
            "id": "/subscriptions/bfd72569-9b75-4584-b5fb-9db73fe697c9/resourceGroups/checkpoint-single-gw-terraform/providers/Microsoft.Network/virtualNetworks/checkpoint-single-gw-vnet/subnets/checkpoint-single-gw-terraform-backend-subnet",
            "network_security_group_id": "/subscriptions/bfd72569-9b75-4584-b5fb-9db73fe697c9/resourceGroups/checkpoint-single-gw-terraform/providers/Microsoft.Network/networkSecurityGroups/checkpoint-single-gw-terraform-nsg",
            "subnet_id": "/subscriptions/bfd72569-9b75-4584-b5fb-9db73fe697c9/resourceGroups/checkpoint-single-gw-terraform/providers/Microsoft.Network/virtualNetworks/checkpoint-single-gw-vnet/subnets/checkpoint-single-gw-terraform-backend-subnet",
            "timeouts": null
          },
          "sensitive_attributes": [],
          "private": "eyJlMmJmYjczMC1lY2FhLTExZTYtOGY4OC0zNDM2M2JjN2M0YzAiOnsiY3JlYXRlIjoxODAwMDAwMDAwMDAwLCJkZWxldGUiOjE4MDAwMDAwMDAwMDAsInJlYWQiOjMwMDAwMDAwMDAwMH19",
          "dependencies": [
            "module.common.azurerm_resource_group.resource_group",
            "module.network-security-group.azurerm_network_security_group.nsg",
            "module.vnet.azurerm_subnet.subnet",
            "module.vnet.azurerm_virtual_network.vnet"
          ]
        }
      ]
    },
    {
      "module": "module.vnet",
      "mode": "managed",
      "type": "azurerm_subnet_network_security_group_association",
      "name": "security_group_frontend_association",
      "provider": "provider[\"registry.terraform.io/hashicorp/azurerm\"]",
      "instances": [
        {
          "schema_version": 0,
          "attributes": {
            "id": "/subscriptions/bfd72569-9b75-4584-b5fb-9db73fe697c9/resourceGroups/checkpoint-single-gw-terraform/providers/Microsoft.Network/virtualNetworks/checkpoint-single-gw-vnet/subnets/checkpoint-single-gw-terraform-frontend-subnet",
            "network_security_group_id": "/subscriptions/bfd72569-9b75-4584-b5fb-9db73fe697c9/resourceGroups/checkpoint-single-gw-terraform/providers/Microsoft.Network/networkSecurityGroups/checkpoint-single-gw-terraform-nsg",
            "subnet_id": "/subscriptions/bfd72569-9b75-4584-b5fb-9db73fe697c9/resourceGroups/checkpoint-single-gw-terraform/providers/Microsoft.Network/virtualNetworks/checkpoint-single-gw-vnet/subnets/checkpoint-single-gw-terraform-frontend-subnet",
            "timeouts": null
          },
          "sensitive_attributes": [],
          "private": "eyJlMmJmYjczMC1lY2FhLTExZTYtOGY4OC0zNDM2M2JjN2M0YzAiOnsiY3JlYXRlIjoxODAwMDAwMDAwMDAwLCJkZWxldGUiOjE4MDAwMDAwMDAwMDAsInJlYWQiOjMwMDAwMDAwMDAwMH19",
          "dependencies": [
            "module.common.azurerm_resource_group.resource_group",
            "module.network-security-group.azurerm_network_security_group.nsg",
            "module.vnet.azurerm_subnet.subnet",
            "module.vnet.azurerm_virtual_network.vnet"
          ]
        }
      ]
    },
    {
      "module": "module.vnet",
      "mode": "managed",
      "type": "azurerm_subnet_route_table_association",
      "name": "backend_association",
      "provider": "provider[\"registry.terraform.io/hashicorp/azurerm\"]",
      "instances": [
        {
          "index_key": 0,
          "schema_version": 0,
          "attributes": {
            "id": "/subscriptions/bfd72569-9b75-4584-b5fb-9db73fe697c9/resourceGroups/checkpoint-single-gw-terraform/providers/Microsoft.Network/virtualNetworks/checkpoint-single-gw-vnet/subnets/checkpoint-single-gw-terraform-backend-subnet",
            "route_table_id": "/subscriptions/bfd72569-9b75-4584-b5fb-9db73fe697c9/resourceGroups/checkpoint-single-gw-terraform/providers/Microsoft.Network/routeTables/checkpoint-single-gw-terraform-backend-subnet",
            "subnet_id": "/subscriptions/bfd72569-9b75-4584-b5fb-9db73fe697c9/resourceGroups/checkpoint-single-gw-terraform/providers/Microsoft.Network/virtualNetworks/checkpoint-single-gw-vnet/subnets/checkpoint-single-gw-terraform-backend-subnet",
            "timeouts": null
          },
          "sensitive_attributes": [],
          "private": "eyJlMmJmYjczMC1lY2FhLTExZTYtOGY4OC0zNDM2M2JjN2M0YzAiOnsiY3JlYXRlIjoxODAwMDAwMDAwMDAwLCJkZWxldGUiOjE4MDAwMDAwMDAwMDAsInJlYWQiOjMwMDAwMDAwMDAwMH19",
          "dependencies": [
            "module.common.azurerm_resource_group.resource_group",
            "module.vnet.azurerm_route_table.backend",
            "module.vnet.azurerm_subnet.subnet",
            "module.vnet.azurerm_virtual_network.vnet"
          ]
        }
      ]
    },
    {
      "module": "module.vnet",
      "mode": "managed",
      "type": "azurerm_subnet_route_table_association",
      "name": "frontend_association",
      "provider": "provider[\"registry.terraform.io/hashicorp/azurerm\"]",
      "instances": [
        {
          "schema_version": 0,
          "attributes": {
            "id": "/subscriptions/bfd72569-9b75-4584-b5fb-9db73fe697c9/resourceGroups/checkpoint-single-gw-terraform/providers/Microsoft.Network/virtualNetworks/checkpoint-single-gw-vnet/subnets/checkpoint-single-gw-terraform-frontend-subnet",
            "route_table_id": "/subscriptions/bfd72569-9b75-4584-b5fb-9db73fe697c9/resourceGroups/checkpoint-single-gw-terraform/providers/Microsoft.Network/routeTables/checkpoint-single-gw-terraform-frontend-subnet",
            "subnet_id": "/subscriptions/bfd72569-9b75-4584-b5fb-9db73fe697c9/resourceGroups/checkpoint-single-gw-terraform/providers/Microsoft.Network/virtualNetworks/checkpoint-single-gw-vnet/subnets/checkpoint-single-gw-terraform-frontend-subnet",
            "timeouts": null
          },
          "sensitive_attributes": [],
          "private": "eyJlMmJmYjczMC1lY2FhLTExZTYtOGY4OC0zNDM2M2JjN2M0YzAiOnsiY3JlYXRlIjoxODAwMDAwMDAwMDAwLCJkZWxldGUiOjE4MDAwMDAwMDAwMDAsInJlYWQiOjMwMDAwMDAwMDAwMH19",
          "dependencies": [
            "module.common.azurerm_resource_group.resource_group",
            "module.vnet.azurerm_route_table.frontend",
            "module.vnet.azurerm_subnet.subnet",
            "module.vnet.azurerm_virtual_network.vnet"
          ]
        }
      ]
    },
    {
      "module": "module.vnet",
      "mode": "managed",
      "type": "azurerm_virtual_network",
      "name": "vnet",
      "provider": "provider[\"registry.terraform.io/hashicorp/azurerm\"]",
      "instances": [
        {
          "schema_version": 0,
          "attributes": {
            "address_space": [
              "10.0.0.0/16"
            ],
            "bgp_community": "",
            "ddos_protection_plan": [],
            "dns_servers": [],
            "edge_zone": "",
            "encryption": [],
            "flow_timeout_in_minutes": 0,
            "guid": "663836e6-996d-48f6-bd1a-5ff32af093eb",
            "id": "/subscriptions/bfd72569-9b75-4584-b5fb-9db73fe697c9/resourceGroups/checkpoint-single-gw-terraform/providers/Microsoft.Network/virtualNetworks/checkpoint-single-gw-vnet",
            "location": "australiaeast",
            "name": "checkpoint-single-gw-vnet",
            "resource_group_name": "checkpoint-single-gw-terraform",
            "subnet": [
              {
                "address_prefix": "10.0.1.0/24",
                "id": "/subscriptions/bfd72569-9b75-4584-b5fb-9db73fe697c9/resourceGroups/checkpoint-single-gw-terraform/providers/Microsoft.Network/virtualNetworks/checkpoint-single-gw-vnet/subnets/checkpoint-single-gw-terraform-frontend-subnet",
                "name": "checkpoint-single-gw-terraform-frontend-subnet",
                "security_group": "/subscriptions/bfd72569-9b75-4584-b5fb-9db73fe697c9/resourceGroups/checkpoint-single-gw-terraform/providers/Microsoft.Network/networkSecurityGroups/checkpoint-single-gw-terraform-nsg"
              },
              {
                "address_prefix": "10.0.2.0/24",
                "id": "/subscriptions/bfd72569-9b75-4584-b5fb-9db73fe697c9/resourceGroups/checkpoint-single-gw-terraform/providers/Microsoft.Network/virtualNetworks/checkpoint-single-gw-vnet/subnets/checkpoint-single-gw-terraform-backend-subnet",
                "name": "checkpoint-single-gw-terraform-backend-subnet",
                "security_group": "/subscriptions/bfd72569-9b75-4584-b5fb-9db73fe697c9/resourceGroups/checkpoint-single-gw-terraform/providers/Microsoft.Network/networkSecurityGroups/checkpoint-single-gw-terraform-nsg"
              }
            ],
            "tags": {},
            "timeouts": null
          },
          "sensitive_attributes": [],
          "private": "eyJlMmJmYjczMC1lY2FhLTExZTYtOGY4OC0zNDM2M2JjN2M0YzAiOnsiY3JlYXRlIjoxODAwMDAwMDAwMDAwLCJkZWxldGUiOjE4MDAwMDAwMDAwMDAsInJlYWQiOjMwMDAwMDAwMDAwMCwidXBkYXRlIjoxODAwMDAwMDAwMDAwfX0=",
          "dependencies": [
            "module.common.azurerm_resource_group.resource_group"
          ]
        }
      ]
    }
  ],
  "check_results": [
    {
      "object_kind": "var",
      "config_addr": "module.common.var.storage_account_additional_ips",
      "status": "pass",
      "objects": [
        {
          "object_addr": "module.common.var.storage_account_additional_ips",
          "status": "pass"
        }
      ]
    }
  ]
}
